
Microsoft Visual Studio Solution File, Format Version 12.00
# Visual Studio Version 16
VisualStudioVersion = 16.0.33423.256
MinimumVisualStudioVersion = 10.0.40219.1
Project("{FAE04EC0-301F-11D3-BF4B-00C04F79EFBC}") = "DllTest", "DllTest.csproj", "{2887EFB8-9045-46C4-884D-F1C5C2B9BAFB}"
EndProject
Global
	GlobalSection(SolutionConfigurationPlatforms) = preSolution
		Debug|Any CPU = Debug|Any CPU
		Debug|x64 = Debug|x64
		Release|Any CPU = Release|Any CPU
		Release|x64 = Release|x64
	EndGlobalSection
	GlobalSection(ProjectConfigurationPlatforms) = postSolution
		{2887EFB8-9045-46C4-884D-F1C5C2B9BAFB}.Debug|Any CPU.ActiveCfg = Debug|Any CPU
		{2887EFB8-9045-46C4-884D-F1C5C2B9BAFB}.Debug|Any CPU.Build.0 = Debug|Any CPU
		{2887EFB8-9045-46C4-884D-F1C5C2B9BAFB}.Debug|x64.ActiveCfg = Debug|x64
		{2887EFB8-9045-46C4-884D-F1C5C2B9BAFB}.Debug|x64.Build.0 = Debug|x64
		{2887EFB8-9045-46C4-884D-F1C5C2B9BAFB}.Release|Any CPU.ActiveCfg = Release|Any CPU
		{2887EFB8-9045-46C4-884D-F1C5C2B9BAFB}.Release|Any CPU.Build.0 = Release|Any CPU
		{2887EFB8-9045-46C4-884D-F1C5C2B9BAFB}.Release|x64.ActiveCfg = Release|x64
		{2887EFB8-9045-46C4-884D-F1C5C2B9BAFB}.Release|x64.Build.0 = Release|x64
	EndGlobalSection
	GlobalSection(SolutionProperties) = preSolution
		HideSolutionNode = FALSE
	EndGlobalSection
	GlobalSection(ExtensibilityGlobals) = postSolution
		SolutionGuid = {FDF05D0E-DE9B-4B6E-9598-1A4C4EFD64CE}
	EndGlobalSection
EndGlobal
